{
  "originHash" : "14ed09186c374bce5cc2dbb5a9bf4fe3009296bac4e14a7194e449dc64b32e11",
  "pins" : [
    {
      "identity" : "eleganttabs",
      "kind" : "remoteSourceControl",
      "location" : "https://github.com/Krusty84/ElegantTabs.git",
      "state" : {
        "revision" : "8705091e669688fbb29c1130875f7390d382c4b8",
        "version" : "1.0.0"
      }
    },
    {
      "identity" : "launchatlogin-modern",
      "kind" : "remoteSourceControl",
      "location" : "https://github.com/sindresorhus/LaunchAtLogin-Modern",
      "state" : {
        "branch" : "main",
        "revision" : "a04ec1c363be3627734f6dad757d82f5d4fa8fcc"
      }
    },
    {
      "identity" : "loggerhelper",
      "kind" : "remoteSourceControl",
      "location" : "https://github.com/Krusty84/LoggerHelper",
      "state" : {
        "revision" : "d65238199e06a607c5db962787e626a92b9990e7",
        "version" : "1.0.0"
      }
    }
  ],
  "version" : 3
}
